
Microsoft Visual Studio Solution File, Format Version 12.00
# Visual Studio 15
VisualStudioVersion = 15.0.28307.489
MinimumVisualStudioVersion = 10.0.40219.1
Project("{FAE04EC0-301F-11D3-BF4B-00C04F79EFBC}") = "NorthwindAngular", "NorthwindAngular\NorthwindAngular.csproj", "{23A12481-D06C-46AC-94C3-BEAABB44A51C}"
EndProject
Global
	GlobalSection(SolutionConfigurationPlatforms) = preSolution
		Debug|Any CPU = Debug|Any CPU
		Release|Any CPU = Release|Any CPU
	EndGlobalSection
	GlobalSection(ProjectConfigurationPlatforms) = postSolution
		{23A12481-D06C-46AC-94C3-BEAABB44A51C}.Debug|Any CPU.ActiveCfg = Debug|Any CPU
		{23A12481-D06C-46AC-94C3-BEAABB44A51C}.Debug|Any CPU.Build.0 = Debug|Any CPU
		{23A12481-D06C-46AC-94C3-BEAABB44A51C}.Release|Any CPU.ActiveCfg = Release|Any CPU
		{23A12481-D06C-46AC-94C3-BEAABB44A51C}.Release|Any CPU.Build.0 = Release|Any CPU
	EndGlobalSection
	GlobalSection(SolutionProperties) = preSolution
		HideSolutionNode = FALSE
	EndGlobalSection
	GlobalSection(ExtensibilityGlobals) = postSolution
		SolutionGuid = {C99983A9-36E5-43C3-8C87-8AC68E3F557F}
	EndGlobalSection
EndGlobal
